
Microsoft Visual Studio Solution File, Format Version 12.00
# Visual Studio 15
VisualStudioVersion = 15.0.28307.106
MinimumVisualStudioVersion = 10.0.40219.1
Project("{FAE04EC0-301F-11D3-BF4B-00C04F79EFBC}") = "Number Guessing Game", "Number Guessing Game\Number Guessing Game.csproj", "{97ACEB99-FC05-4386-A953-44E378985327}"
EndProject
Global
	GlobalSection(SolutionConfigurationPlatforms) = preSolution
		Debug|Any CPU = Debug|Any CPU
		Release|Any CPU = Release|Any CPU
	EndGlobalSection
	GlobalSection(ProjectConfigurationPlatforms) = postSolution
		{97ACEB99-FC05-4386-A953-44E378985327}.Debug|Any CPU.ActiveCfg = Debug|Any CPU
		{97ACEB99-FC05-4386-A953-44E378985327}.Debug|Any CPU.Build.0 = Debug|Any CPU
		{97ACEB99-FC05-4386-A953-44E378985327}.Release|Any CPU.ActiveCfg = Release|Any CPU
		{97ACEB99-FC05-4386-A953-44E378985327}.Release|Any CPU.Build.0 = Release|Any CPU
	EndGlobalSection
	GlobalSection(SolutionProperties) = preSolution
		HideSolutionNode = FALSE
	EndGlobalSection
	GlobalSection(ExtensibilityGlobals) = postSolution
		SolutionGuid = {423EFF11-A61E-4EC3-8783-5781C58E56CB}
	EndGlobalSection
EndGlobal
